// !$*UTF8*$!
{
	archiveVersion = 1;
	classes = {
	};
	objectVersion = 55;
	objects = {

/* Begin PBXBuildFile section */
		9365D31A27DA3691009A5FFC /* Api_Practice_selfApp.swift in Sources */ = {isa = PBXBuildFile; fileRef = 9365D31927DA3691009A5FFC /* Api_Practice_selfApp.swift */; };
		9365D31C27DA3691009A5FFC /* BitcoinPriceView.swift in Sources */ = {isa = PBXBuildFile; fileRef = 9365D31B27DA3691009A5FFC /* BitcoinPriceView.swift */; };
		9365D31E27DA3692009A5FFC /* Assets.xcassets in Resources */ = {isa = PBXBuildFile; fileRef = 9365D31D27DA3692009A5FFC /* Assets.xcassets */; };
		9365D32127DA3692009A5FFC /* Preview Assets.xcassets in Resources */ = {isa = PBXBuildFile; fileRef = 9365D32027DA3692009A5FFC /* Preview Assets.xcassets */; };
		9365D32927DA3C5B009A5FFC /* PriceDetails.swift in Sources */ = {isa = PBXBuildFile; fileRef = 9365D32827DA3C5B009A5FFC /* PriceDetails.swift */; };
		9365D32B27DA3DBE009A5FFC /* BitcoinPriceViewModel.swift in Sources */ = {isa = PBXBuildFile; fileRef = 9365D32A27DA3DBE009A5FFC /* BitcoinPriceViewModel.swift */; };
		9365D32D27DA6797009A5FFC /* CoindeskAPIService.swift in Sources */ = {isa = PBXBuildFile; fileRef = 9365D32C27DA6797009A5FFC /* CoindeskAPIService.swift */; };
/* End PBXBuildFile section */

/* Begin PBXFileReference section */
		9365D31627DA3691009A5FFC /* Api_Practice_self.app */ = {isa = PBXFileReference; explicitFileType = wrapper.application; includeInIndex = 0; path = Api_Practice_self.app; sourceTree = BUILT_PRODUCTS_DIR; };
		9365D31927DA3691009A5FFC /* Api_Practice_selfApp.swift */ = {isa = PBXFileReference; lastKnownFileType = sourcecode.swift; path = Api_Practice_selfApp.swift; sourceTree = "<group>"; };
		9365D31B27DA3691009A5FFC /* BitcoinPriceView.swift */ = {isa = PBXFileReference; lastKnownFileType = sourcecode.swift; path = BitcoinPriceView.swift; sourceTree = "<group>"; };
		9365D31D27DA3692009A5FFC /* Assets.xcassets */ = {isa = PBXFileReference; lastKnownFileType = folder.assetcatalog; path = Assets.xcassets; sourceTree = "<group>"; };
		9365D32027DA3692009A5FFC /* Preview Assets.xcassets */ = {isa = PBXFileReference; lastKnownFileType = folder.assetcatalog; path = "Preview Assets.xcassets"; sourceTree = "<group>"; };
		9365D32827DA3C5B009A5FFC /* PriceDetails.swift */ = {isa = PBXFileReference; lastKnownFileType = sourcecode.swift; path = PriceDetails.swift; sourceTree = "<group>"; };
		9365D32A27DA3DBE009A5FFC /* BitcoinPriceViewModel.swift */ = {isa = PBXFileReference; lastKnownFileType = sourcecode.swift; path = BitcoinPriceViewModel.swift; sourceTree = "<group>"; };
		9365D32C27DA6797009A5FFC /* CoindeskAPIService.swift */ = {isa = PBXFileReference; lastKnownFileType = sourcecode.swift; path = CoindeskAPIService.swift; sourceTree = "<group>"; };
/* End PBXFileReference section */

/* Begin PBXFrameworksBuildPhase section */
		9365D31327DA3691009A5FFC /* Frameworks */ = {
			isa = PBXFrameworksBuildPhase;
			buildActionMask = 2147483647;
			files = (
			);
			runOnlyForDeploymentPostprocessing = 0;
		};
/* End PBXFrameworksBuildPhase section */

/* Begin PBXGroup section */
		9365D30D27DA3691009A5FFC = {
			isa = PBXGroup;
			children = (
				9365D31827DA3691009A5FFC /* Api_Practice_self */,
				9365D31727DA3691009A5FFC /* Products */,
			);
			sourceTree = "<group>";
		};
		9365D31727DA3691009A5FFC /* Products */ = {
			isa = PBXGroup;
			children = (
				9365D31627DA3691009A5FFC /* Api_Practice_self.app */,
			);
			name = Products;
			sourceTree = "<group>";
		};
		9365D31827DA3691009A5FFC /* Api_Practice_self */ = {
			isa = PBXGroup;
			children = (
				9365D31927DA3691009A5FFC /* Api_Practice_selfApp.swift */,
				9365D31B27DA3691009A5FFC /* BitcoinPriceView.swift */,
				9365D32C27DA6797009A5FFC /* CoindeskAPIService.swift */,
				9365D32827DA3C5B009A5FFC /* PriceDetails.swift */,
				9365D32A27DA3DBE009A5FFC /* BitcoinPriceViewModel.swift */,
				9365D31D27DA3692009A5FFC /* Assets.xcassets */,
				9365D31F27DA3692009A5FFC /* Preview Content */,
			);
			path = Api_Practice_self;
			sourceTree = "<group>";
		};
		9365D31F27DA3692009A5FFC /* Preview Content */ = {
			isa = PBXGroup;
			children = (
				9365D32027DA3692009A5FFC /* Preview Assets.xcassets */,
			);
			path = "Preview Content";
			sourceTree = "<group>";
		};
/* End PBXGroup section */

/* Begin PBXNativeTarget section */
		9365D31527DA3691009A5FFC /* Api_Practice_self */ = {
			isa = PBXNativeTarget;
			buildConfigurationList = 9365D32427DA3692009A5FFC /* Build configuration list for PBXNativeTarget "Api_Practice_self" */;
			buildPhases = (
				9365D31227DA3691009A5FFC /* Sources */,
				9365D31327DA3691009A5FFC /* Frameworks */,
				9365D31427DA3691009A5FFC /* Resources */,
			);
			buildRules = (
			);
			dependencies = (
			);
			name = Api_Practice_self;
			productName = Api_Practice_self;
			productReference = 9365D31627DA3691009A5FFC /* Api_Practice_self.app */;
			productType = "com.apple.product-type.application";
		};
/* End PBXNativeTarget section */

/* Begin PBXProject section */
		9365D30E27DA3691009A5FFC /* Project object */ = {
			isa = PBXProject;
			attributes = {
				BuildIndependentTargetsInParallel = 1;
				LastSwiftUpdateCheck = 1320;
				LastUpgradeCheck = 1320;
				TargetAttributes = {
					9365D31527DA3691009A5FFC = {
						CreatedOnToolsVersion = 13.2.1;
					};
				};
			};
			buildConfigurationList = 9365D31127DA3691009A5FFC /* Build configuration list for PBXProject "Api_Practice_self" */;
			compatibilityVersion = "Xcode 13.0";
			developmentRegion = en;
			hasScannedForEncodings = 0;
			knownRegions = (
				en,
				Base,
			);
			mainGroup = 9365D30D27DA3691009A5FFC;
			productRefGroup = 9365D31727DA3691009A5FFC /* Products */;
			projectDirPath = "";
			projectRoot = "";
			targets = (
				9365D31527DA3691009A5FFC /* Api_Practice_self */,
			);
		};
/* End PBXProject section */

/* Begin PBXResourcesBuildPhase section */
		9365D31427DA3691009A5FFC /* Resources */ = {
			isa = PBXResourcesBuildPhase;
			buildActionMask = 2147483647;
			files = (
				9365D32127DA3692009A5FFC /* Preview Assets.xcassets in Resources */,
				9365D31E27DA3692009A5FFC /* Assets.xcassets in Resources */,
			);
			runOnlyForDeploymentPostprocessing = 0;
		};
/* End PBXResourcesBuildPhase section */

/* Begin PBXSourcesBuildPhase section */
		9365D31227DA3691009A5FFC /* Sources */ = {
			isa = PBXSourcesBuildPhase;
			buildActionMask = 2147483647;
			files = (
				9365D32D27DA6797009A5FFC /* CoindeskAPIService.swift in Sources */,
				9365D31C27DA3691009A5FFC /* BitcoinPriceView.swift in Sources */,
				9365D32B27DA3DBE009A5FFC /* BitcoinPriceViewModel.swift in Sources */,
				9365D32927DA3C5B009A5FFC /* PriceDetails.swift in Sources */,
				9365D31A27DA3691009A5FFC /* Api_Practice_selfApp.swift in Sources */,
			);
			runOnlyForDeploymentPostprocessing = 0;
		};
/* End PBXSourcesBuildPhase section */

/* Begin XCBuildConfiguration section */
		9365D32227DA3692009A5FFC /* Debug */ = {
			isa = XCBuildConfiguration;
			buildSettings = {
				ALWAYS_SEARCH_USER_PATHS = NO;
				CLANG_ANALYZER_NONNULL = YES;
				CLANG_ANALYZER_NUMBER_OBJECT_CONVERSION = YES_AGGRESSIVE;
				CLANG_CXX_LANGUAGE_STANDARD = "gnu++17";
				CLANG_CXX_LIBRARY = "libc++";
				CLANG_ENABLE_MODULES = YES;
				CLANG_ENABLE_OBJC_ARC = YES;
				CLANG_ENABLE_OBJC_WEAK = YES;
				CLANG_WARN_BLOCK_CAPTURE_AUTORELEASING = YES;
				CLANG_WARN_BOOL_CONVERSION = YES;
				CLANG_WARN_COMMA = YES;
				CLANG_WARN_CONSTANT_CONVERSION = YES;
				CLANG_WARN_DEPRECATED_OBJC_IMPLEMENTATIONS = YES;
				CLANG_WARN_DIRECT_OBJC_ISA_USAGE = YES_ERROR;
				CLANG_WARN_DOCUMENTATION_COMMENTS = YES;
				CLANG_WARN_EMPTY_BODY = YES;
				CLANG_WARN_ENUM_CONVERSION = YES;
				CLANG_WARN_INFINITE_RECURSION = YES;
				CLANG_WARN_INT_CONVERSION = YES;
				CLANG_WARN_NON_LITERAL_NULL_CONVERSION = YES;
				CLANG_WARN_OBJC_IMPLICIT_RETAIN_SELF = YES;
				CLANG_WARN_OBJC_LITERAL_CONVERSION = YES;
				CLANG_WARN_OBJC_ROOT_CLASS = YES_ERROR;
				CLANG_WARN_QUOTED_INCLUDE_IN_FRAMEWORK_HEADER = YES;
				CLANG_WARN_RANGE_LOOP_ANALYSIS = YES;
				CLANG_WARN_STRICT_PROTOTYPES = YES;
				CLANG_WARN_SUSPICIOUS_MOVE = YES;
				CLANG_WARN_UNGUARDED_AVAILABILITY = YES_AGGRESSIVE;
				CLANG_WARN_UNREACHABLE_CODE = YES;
				CLANG_WARN__DUPLICATE_METHOD_MATCH = YES;
				COPY_PHASE_STRIP = NO;
				DEBUG_INFORMATION_FORMAT = dwarf;
				ENABLE_STRICT_OBJC_MSGSEND = YES;
				ENABLE_TESTABILITY = YES;
				GCC_C_LANGUAGE_STANDARD = gnu11;
				GCC_DYNAMIC_NO_PIC = NO;
				GCC_NO_COMMON_BLOCKS = YES;
				GCC_OPTIMIZATION_LEVEL = 0;
				GCC_PREPROCESSOR_DEFINITIONS = (
					"DEBUG=1",
					"$(inherited)",
				);
				GCC_WARN_64_TO_32_BIT_CONVERSION = YES;
				GCC_WARN_ABOUT_RETURN_TYPE = YES_ERROR;
				GCC_WARN_UNDECLARED_SELECTOR = YES;
				GCC_WARN_UNINITIALIZED_AUTOS = YES_AGGRESSIVE;
				GCC_WARN_UNUSED_FUNCTION = YES;
				GCC_WARN_UNUSED_VARIABLE = YES;
				IPHONEOS_DEPLOYMENT_TARGET = 15.2;
				MTL_ENABLE_DEBUG_INFO = INCLUDE_SOURCE;
				MTL_FAST_MATH = YES;
				ONLY_ACTIVE_ARCH = YES;
				SDKROOT = iphoneos;
				SWIFT_ACTIVE_COMPILATION_CONDITIONS = DEBUG;
				SWIFT_OPTIMIZATION_LEVEL = "-Onone";
			};
			name = Debug;
		};
		9365D32327DA3692009A5FFC /* Release */ = {
			isa = XCBuildConfiguration;
			buildSettings = {
				ALWAYS_SEARCH_USER_PATHS = NO;
				CLANG_ANALYZER_NONNULL = YES;
				CLANG_ANALYZER_NUMBER_OBJECT_CONVERSION = YES_AGGRESSIVE;
				CLANG_CXX_LANGUAGE_STANDARD = "gnu++17";
				CLANG_CXX_LIBRARY = "libc++";
				CLANG_ENABLE_MODULES = YES;
				CLANG_ENABLE_OBJC_ARC = YES;
				CLANG_ENABLE_OBJC_WEAK = YES;
				CLANG_WARN_BLOCK_CAPTURE_AUTORELEASING = YES;
				CLANG_WARN_BOOL_CONVERSION = YES;
				CLANG_WARN_COMMA = YES;
				CLANG_WARN_CONSTANT_CONVERSION = YES;
				CLANG_WARN_DEPRECATED_OBJC_IMPLEMENTATIONS = YES;
				CLANG_WARN_DIRECT_OBJC_ISA_USAGE = YES_ERROR;
				CLANG_WARN_DOCUMENTATION_COMMENTS = YES;
				CLANG_WARN_EMPTY_BODY = YES;
				CLANG_WARN_ENUM_CONVERSION = YES;
				CLANG_WARN_INFINITE_RECURSION = YES;
				CLANG_WARN_INT_CONVERSION = YES;
				CLANG_WARN_NON_LITERAL_NULL_CONVERSION = YES;
				CLANG_WARN_OBJC_IMPLICIT_RETAIN_SELF = YES;
				CLANG_WARN_OBJC_LITERAL_CONVERSION = YES;
				CLANG_WARN_OBJC_ROOT_CLASS = YES_ERROR;
				CLANG_WARN_QUOTED_INCLUDE_IN_FRAMEWORK_HEADER = YES;
				CLANG_WARN_RANGE_LOOP_ANALYSIS = YES;
				CLANG_WARN_STRICT_PROTOTYPES = YES;
				CLANG_WARN_SUSPICIOUS_MOVE = YES;
				CLANG_WARN_UNGUARDED_AVAILABILITY = YES_AGGRESSIVE;
				CLANG_WARN_UNREACHABLE_CODE = YES;
				CLANG_WARN__DUPLICATE_METHOD_MATCH = YES;
				COPY_PHASE_STRIP = NO;
				DEBUG_INFORMATION_FORMAT = "dwarf-with-dsym";
				ENABLE_NS_ASSERTIONS = NO;
				ENABLE_STRICT_OBJC_MSGSEND = YES;
				GCC_C_LANGUAGE_STANDARD = gnu11;
				GCC_NO_COMMON_BLOCKS = YES;
				GCC_WARN_64_TO_32_BIT_CONVERSION = YES;
				GCC_WARN_ABOUT_RETURN_TYPE = YES_ERROR;
				GCC_WARN_UNDECLARED_SELECTOR = YES;
				GCC_WARN_UNINITIALIZED_AUTOS = YES_AGGRESSIVE;
				GCC_WARN_UNUSED_FUNCTION = YES;
				GCC_WARN_UNUSED_VARIABLE = YES;
				IPHONEOS_DEPLOYMENT_TARGET = 15.2;
				MTL_ENABLE_DEBUG_INFO = NO;
				MTL_FAST_MATH = YES;
				SDKROOT = iphoneos;
				SWIFT_COMPILATION_MODE = wholemodule;
				SWIFT_OPTIMIZATION_LEVEL = "-O";
				VALIDATE_PRODUCT = YES;
			};
			name = Release;
		};
		9365D32527DA3692009A5FFC /* Debug */ = {
			isa = XCBuildConfiguration;
			buildSettings = {
				ASSETCATALOG_COMPILER_APPICON_NAME = AppIcon;
				ASSETCATALOG_COMPILER_GLOBAL_ACCENT_COLOR_NAME = AccentColor;
				CODE_SIGN_STYLE = Automatic;
				CURRENT_PROJECT_VERSION = 1;
				DEVELOPMENT_ASSET_PATHS = "\"Api_Practice_self/Preview Content\"";
				DEVELOPMENT_TEAM = 245U4Q566J;
				ENABLE_PREVIEWS = YES;
				GENERATE_INFOPLIST_FILE = YES;
				INFOPLIST_KEY_UIApplicationSceneManifest_Generation = YES;
				INFOPLIST_KEY_UIApplicationSupportsIndirectInputEvents = YES;
				INFOPLIST_KEY_UILaunchScreen_Generation = YES;
				INFOPLIST_KEY_UISupportedInterfaceOrientations_iPad = "UIInterfaceOrientationPortrait UIInterfaceOrientationPortraitUpsideDown UIInterfaceOrientationLandscapeLeft UIInterfaceOrientationLandscapeRight";
				INFOPLIST_KEY_UISupportedInterfaceOrientations_iPhone = "UIInterfaceOrientationPortrait UIInterfaceOrientationLandscapeLeft UIInterfaceOrientationLandscapeRight";
				LD_RUNPATH_SEARCH_PATHS = (
					"$(inherited)",
					"@executable_path/Frameworks",
				);
				MARKETING_VERSION = 1.0;
				PRODUCT_BUNDLE_IDENTIFIER = "com.study.Api-Practice-self";
				PRODUCT_NAME = "$(TARGET_NAME)";
				SWIFT_EMIT_LOC_STRINGS = YES;
				SWIFT_VERSION = 5.0;
				TARGETED_DEVICE_FAMILY = "1,2";
			};
			name = Debug;
		};
		9365D32627DA3692009A5FFC /* Release */ = {
			isa = XCBuildConfiguration;
			buildSettings = {
				ASSETCATALOG_COMPILER_APPICON_NAME = AppIcon;
				ASSETCATALOG_COMPILER_GLOBAL_ACCENT_COLOR_NAME = AccentColor;
				CODE_SIGN_STYLE = Automatic;
				CURRENT_PROJECT_VERSION = 1;
				DEVELOPMENT_ASSET_PATHS = "\"Api_Practice_self/Preview Content\"";
				DEVELOPMENT_TEAM = 245U4Q566J;
				ENABLE_PREVIEWS = YES;
				GENERATE_INFOPLIST_FILE = YES;
				INFOPLIST_KEY_UIApplicationSceneManifest_Generation = YES;
				INFOPLIST_KEY_UIApplicationSupportsIndirectInputEvents = YES;
				INFOPLIST_KEY_UILaunchScreen_Generation = YES;
				INFOPLIST_KEY_UISupportedInterfaceOrientations_iPad = "UIInterfaceOrientationPortrait UIInterfaceOrientationPortraitUpsideDown UIInterfaceOrientationLandscapeLeft UIInterfaceOrientationLandscapeRight";
				INFOPLIST_KEY_UISupportedInterfaceOrientations_iPhone = "UIInterfaceOrientationPortrait UIInterfaceOrientationLandscapeLeft UIInterfaceOrientationLandscapeRight";
				LD_RUNPATH_SEARCH_PATHS = (
					"$(inherited)",
					"@executable_path/Frameworks",
				);
				MARKETING_VERSION = 1.0;
				PRODUCT_BUNDLE_IDENTIFIER = "com.study.Api-Practice-self";
				PRODUCT_NAME = "$(TARGET_NAME)";
				SWIFT_EMIT_LOC_STRINGS = YES;
				SWIFT_VERSION = 5.0;
				TARGETED_DEVICE_FAMILY = "1,2";
			};
			name = Release;
		};
/* End XCBuildConfiguration section */

/* Begin XCConfigurationList section */
		9365D31127DA3691009A5FFC /* Build configuration list for PBXProject "Api_Practice_self" */ = {
			isa = XCConfigurationList;
			buildConfigurations = (
				9365D32227DA3692009A5FFC /* Debug */,
				9365D32327DA3692009A5FFC /* Release */,
			);
			defaultConfigurationIsVisible = 0;
			defaultConfigurationName = Release;
		};
		9365D32427DA3692009A5FFC /* Build configuration list for PBXNativeTarget "Api_Practice_self" */ = {
			isa = XCConfigurationList;
			buildConfigurations = (
				9365D32527DA3692009A5FFC /* Debug */,
				9365D32627DA3692009A5FFC /* Release */,
			);
			defaultConfigurationIsVisible = 0;
			defaultConfigurationName = Release;
		};
/* End XCConfigurationList section */
	};
	rootObject = 9365D30E27DA3691009A5FFC /* Project object */;
}
